
Microsoft Visual Studio Solution File, Format Version 12.00
# Visual Studio Version 16
VisualStudioVersion = 16.0.31129.286
MinimumVisualStudioVersion = 10.0.40219.1
Project("{2150E333-8FDC-42A3-9474-1A3956D46DE8}") = "Core", "Core", "{1B51223E-FAAA-47B5-A850-FC18D043B000}"
EndProject
Project("{2150E333-8FDC-42A3-9474-1A3956D46DE8}") = "Application", "Application", "{47A6802E-4070-492A-B52F-BCE533B43D74}"
EndProject
Project("{2150E333-8FDC-42A3-9474-1A3956D46DE8}") = "Domain", "Domain", "{CBA435F1-D63A-46B6-B9AC-F1F6E2C23464}"
EndProject
Project("{9A19103F-16F7-4668-BE54-9A1E7A4F7556}") = "Reports", "Core\Domain\Reports\Reports.csproj", "{5B4FF86F-5E21-47E2-83BC-BCB7BEEC0731}"
EndProject
Project("{2150E333-8FDC-42A3-9474-1A3956D46DE8}") = "Infrastructure", "Infrastructure", "{ABF6B505-E60C-4C3B-9F57-A1813C401D55}"
EndProject
Project("{2150E333-8FDC-42A3-9474-1A3956D46DE8}") = "Presentation", "Presentation", "{53D69837-A4D2-499F-A2D5-3C9C5962C2EC}"
EndProject
Project("{9A19103F-16F7-4668-BE54-9A1E7A4F7556}") = "Base", "Core\Domain\Base\Base.csproj", "{6015D0E7-E7D7-4AF7-9881-68D3DF4C54C0}"
EndProject
Project("{9A19103F-16F7-4668-BE54-9A1E7A4F7556}") = "Users", "Core\Domain\Users\Users.csproj", "{C27F0815-FC4C-4582-950F-058B6385071C}"
EndProject
Project("{9A19103F-16F7-4668-BE54-9A1E7A4F7556}") = "Shared", "Core\Domain\Shared\Shared.csproj", "{E7EDA5BE-809F-47EE-AECB-E78475E49B3A}"
EndProject
Project("{9A19103F-16F7-4668-BE54-9A1E7A4F7556}") = "Users", "Core\Application\Users\Users.csproj", "{4EE74119-5F5D-4EFD-826A-536CD7D4DA31}"
EndProject
Project("{2150E333-8FDC-42A3-9474-1A3956D46DE8}") = "Tests", "Tests", "{A509D987-51A2-49A8-B1E3-7C9272495E24}"
EndProject
Project("{9A19103F-16F7-4668-BE54-9A1E7A4F7556}") = "Domain.UnitTests", "Tests\Domain.UnitTests\Domain.UnitTests.csproj", "{7FB692D9-CE91-4863-9362-503E0D6B572C}"
EndProject
Project("{9A19103F-16F7-4668-BE54-9A1E7A4F7556}") = "WebApi.IntegrationTests", "Tests\WebApi.IntegrationTests\WebApi.IntegrationTests.csproj", "{C2264DC7-4409-4E60-B4CA-FD1320559E89}"
EndProject
Project("{9A19103F-16F7-4668-BE54-9A1E7A4F7556}") = "WebApi", "Presentation\WebApi\WebApi.csproj", "{EF758221-B5F3-4DD3-AD14-BAA82C8388E5}"
EndProject
Project("{9A19103F-16F7-4668-BE54-9A1E7A4F7556}") = "Identity", "Infrastructure\Identity\Identity.csproj", "{6244B777-0595-43ED-B07D-1E433540A845}"
EndProject
Project("{9A19103F-16F7-4668-BE54-9A1E7A4F7556}") = "Identity", "Core\Application\Identity\Identity.csproj", "{4929A28B-54D4-4A95-92E2-0592B08ABA44}"
EndProject
Project("{FAE04EC0-301F-11D3-BF4B-00C04F79EFBC}") = "Users", "Presentation\Cmd\Users\Users.csproj", "{D44A288D-3B31-4799-ADDD-AEBCC940966E}"
EndProject
Project("{2150E333-8FDC-42A3-9474-1A3956D46DE8}") = "Cmd", "Cmd", "{DB06563E-6188-4410-8608-6A07E92B6C08}"
EndProject
Project("{FAE04EC0-301F-11D3-BF4B-00C04F79EFBC}") = "CmdBase", "Presentation\Cmd\CmdBase\CmdBase.csproj", "{22450541-6EF2-4457-BC12-2647ECF789F5}"
EndProject
Global
	GlobalSection(SolutionConfigurationPlatforms) = preSolution
		Debug|Any CPU = Debug|Any CPU
		Release|Any CPU = Release|Any CPU
	EndGlobalSection
	GlobalSection(ProjectConfigurationPlatforms) = postSolution
		{5B4FF86F-5E21-47E2-83BC-BCB7BEEC0731}.Debug|Any CPU.ActiveCfg = Debug|Any CPU
		{5B4FF86F-5E21-47E2-83BC-BCB7BEEC0731}.Debug|Any CPU.Build.0 = Debug|Any CPU
		{5B4FF86F-5E21-47E2-83BC-BCB7BEEC0731}.Release|Any CPU.ActiveCfg = Release|Any CPU
		{5B4FF86F-5E21-47E2-83BC-BCB7BEEC0731}.Release|Any CPU.Build.0 = Release|Any CPU
		{6015D0E7-E7D7-4AF7-9881-68D3DF4C54C0}.Debug|Any CPU.ActiveCfg = Debug|Any CPU
		{6015D0E7-E7D7-4AF7-9881-68D3DF4C54C0}.Debug|Any CPU.Build.0 = Debug|Any CPU
		{6015D0E7-E7D7-4AF7-9881-68D3DF4C54C0}.Release|Any CPU.ActiveCfg = Release|Any CPU
		{6015D0E7-E7D7-4AF7-9881-68D3DF4C54C0}.Release|Any CPU.Build.0 = Release|Any CPU
		{C27F0815-FC4C-4582-950F-058B6385071C}.Debug|Any CPU.ActiveCfg = Debug|Any CPU
		{C27F0815-FC4C-4582-950F-058B6385071C}.Debug|Any CPU.Build.0 = Debug|Any CPU
		{C27F0815-FC4C-4582-950F-058B6385071C}.Release|Any CPU.ActiveCfg = Release|Any CPU
		{C27F0815-FC4C-4582-950F-058B6385071C}.Release|Any CPU.Build.0 = Release|Any CPU
		{E7EDA5BE-809F-47EE-AECB-E78475E49B3A}.Debug|Any CPU.ActiveCfg = Debug|Any CPU
		{E7EDA5BE-809F-47EE-AECB-E78475E49B3A}.Debug|Any CPU.Build.0 = Debug|Any CPU
		{E7EDA5BE-809F-47EE-AECB-E78475E49B3A}.Release|Any CPU.ActiveCfg = Release|Any CPU
		{E7EDA5BE-809F-47EE-AECB-E78475E49B3A}.Release|Any CPU.Build.0 = Release|Any CPU
		{4EE74119-5F5D-4EFD-826A-536CD7D4DA31}.Debug|Any CPU.ActiveCfg = Debug|Any CPU
		{4EE74119-5F5D-4EFD-826A-536CD7D4DA31}.Debug|Any CPU.Build.0 = Debug|Any CPU
		{4EE74119-5F5D-4EFD-826A-536CD7D4DA31}.Release|Any CPU.ActiveCfg = Release|Any CPU
		{4EE74119-5F5D-4EFD-826A-536CD7D4DA31}.Release|Any CPU.Build.0 = Release|Any CPU
		{7FB692D9-CE91-4863-9362-503E0D6B572C}.Debug|Any CPU.ActiveCfg = Debug|Any CPU
		{7FB692D9-CE91-4863-9362-503E0D6B572C}.Debug|Any CPU.Build.0 = Debug|Any CPU
		{7FB692D9-CE91-4863-9362-503E0D6B572C}.Release|Any CPU.ActiveCfg = Release|Any CPU
		{7FB692D9-CE91-4863-9362-503E0D6B572C}.Release|Any CPU.Build.0 = Release|Any CPU
		{C2264DC7-4409-4E60-B4CA-FD1320559E89}.Debug|Any CPU.ActiveCfg = Debug|Any CPU
		{C2264DC7-4409-4E60-B4CA-FD1320559E89}.Debug|Any CPU.Build.0 = Debug|Any CPU
		{C2264DC7-4409-4E60-B4CA-FD1320559E89}.Release|Any CPU.ActiveCfg = Release|Any CPU
		{C2264DC7-4409-4E60-B4CA-FD1320559E89}.Release|Any CPU.Build.0 = Release|Any CPU
		{EF758221-B5F3-4DD3-AD14-BAA82C8388E5}.Debug|Any CPU.ActiveCfg = Debug|Any CPU
		{EF758221-B5F3-4DD3-AD14-BAA82C8388E5}.Debug|Any CPU.Build.0 = Debug|Any CPU
		{EF758221-B5F3-4DD3-AD14-BAA82C8388E5}.Release|Any CPU.ActiveCfg = Release|Any CPU
		{EF758221-B5F3-4DD3-AD14-BAA82C8388E5}.Release|Any CPU.Build.0 = Release|Any CPU
		{6244B777-0595-43ED-B07D-1E433540A845}.Debug|Any CPU.ActiveCfg = Debug|Any CPU
		{6244B777-0595-43ED-B07D-1E433540A845}.Debug|Any CPU.Build.0 = Debug|Any CPU
		{6244B777-0595-43ED-B07D-1E433540A845}.Release|Any CPU.ActiveCfg = Release|Any CPU
		{6244B777-0595-43ED-B07D-1E433540A845}.Release|Any CPU.Build.0 = Release|Any CPU
		{4929A28B-54D4-4A95-92E2-0592B08ABA44}.Debug|Any CPU.ActiveCfg = Debug|Any CPU
		{4929A28B-54D4-4A95-92E2-0592B08ABA44}.Debug|Any CPU.Build.0 = Debug|Any CPU
		{4929A28B-54D4-4A95-92E2-0592B08ABA44}.Release|Any CPU.ActiveCfg = Release|Any CPU
		{4929A28B-54D4-4A95-92E2-0592B08ABA44}.Release|Any CPU.Build.0 = Release|Any CPU
		{D44A288D-3B31-4799-ADDD-AEBCC940966E}.Debug|Any CPU.ActiveCfg = Debug|Any CPU
		{D44A288D-3B31-4799-ADDD-AEBCC940966E}.Debug|Any CPU.Build.0 = Debug|Any CPU
		{D44A288D-3B31-4799-ADDD-AEBCC940966E}.Release|Any CPU.ActiveCfg = Release|Any CPU
		{D44A288D-3B31-4799-ADDD-AEBCC940966E}.Release|Any CPU.Build.0 = Release|Any CPU
		{22450541-6EF2-4457-BC12-2647ECF789F5}.Debug|Any CPU.ActiveCfg = Debug|Any CPU
		{22450541-6EF2-4457-BC12-2647ECF789F5}.Debug|Any CPU.Build.0 = Debug|Any CPU
		{22450541-6EF2-4457-BC12-2647ECF789F5}.Release|Any CPU.ActiveCfg = Release|Any CPU
		{22450541-6EF2-4457-BC12-2647ECF789F5}.Release|Any CPU.Build.0 = Release|Any CPU
	EndGlobalSection
	GlobalSection(SolutionProperties) = preSolution
		HideSolutionNode = FALSE
	EndGlobalSection
	GlobalSection(NestedProjects) = preSolution
		{47A6802E-4070-492A-B52F-BCE533B43D74} = {1B51223E-FAAA-47B5-A850-FC18D043B000}
		{CBA435F1-D63A-46B6-B9AC-F1F6E2C23464} = {1B51223E-FAAA-47B5-A850-FC18D043B000}
		{5B4FF86F-5E21-47E2-83BC-BCB7BEEC0731} = {CBA435F1-D63A-46B6-B9AC-F1F6E2C23464}
		{6015D0E7-E7D7-4AF7-9881-68D3DF4C54C0} = {CBA435F1-D63A-46B6-B9AC-F1F6E2C23464}
		{C27F0815-FC4C-4582-950F-058B6385071C} = {CBA435F1-D63A-46B6-B9AC-F1F6E2C23464}
		{E7EDA5BE-809F-47EE-AECB-E78475E49B3A} = {CBA435F1-D63A-46B6-B9AC-F1F6E2C23464}
		{4EE74119-5F5D-4EFD-826A-536CD7D4DA31} = {47A6802E-4070-492A-B52F-BCE533B43D74}
		{7FB692D9-CE91-4863-9362-503E0D6B572C} = {A509D987-51A2-49A8-B1E3-7C9272495E24}
		{C2264DC7-4409-4E60-B4CA-FD1320559E89} = {A509D987-51A2-49A8-B1E3-7C9272495E24}
		{EF758221-B5F3-4DD3-AD14-BAA82C8388E5} = {53D69837-A4D2-499F-A2D5-3C9C5962C2EC}
		{6244B777-0595-43ED-B07D-1E433540A845} = {ABF6B505-E60C-4C3B-9F57-A1813C401D55}
		{4929A28B-54D4-4A95-92E2-0592B08ABA44} = {47A6802E-4070-492A-B52F-BCE533B43D74}
		{D44A288D-3B31-4799-ADDD-AEBCC940966E} = {DB06563E-6188-4410-8608-6A07E92B6C08}
		{DB06563E-6188-4410-8608-6A07E92B6C08} = {53D69837-A4D2-499F-A2D5-3C9C5962C2EC}
		{22450541-6EF2-4457-BC12-2647ECF789F5} = {DB06563E-6188-4410-8608-6A07E92B6C08}
	EndGlobalSection
	GlobalSection(ExtensibilityGlobals) = postSolution
		SolutionGuid = {083C52C0-63E1-4FD2-B0F8-2914963EA4F8}
	EndGlobalSection
EndGlobal
